
Microsoft Visual Studio Solution File, Format Version 12.00
# Visual Studio Version 17
VisualStudioVersion = 17.6.33417.168
MinimumVisualStudioVersion = 10.0.40219.1
Project("{9A19103F-16F7-4668-BE54-9A1E7A4F7556}") = "Movies.Api", "Movies.Api\Movies.Api.csproj", "{C3CE84CE-50FC-42AF-8027-C100CCB5EE48}"
EndProject
Project("{9A19103F-16F7-4668-BE54-9A1E7A4F7556}") = "Movies.Application", "Movies.Application\Movies.Application.csproj", "{2493AD39-A9D1-453A-9002-E392C53F7F6C}"
EndProject
Project("{FAE04EC0-301F-11D3-BF4B-00C04F79EFBC}") = "Movies.Api.Tests.Unit", "Movies.Api.Tests.Unit\Movies.Api.Tests.Unit.csproj", "{30075CC8-C738-4214-AE7A-FEFB410D9D5D}"
EndProject
Global
	GlobalSection(SolutionConfigurationPlatforms) = preSolution
		Debug|Any CPU = Debug|Any CPU
		Release|Any CPU = Release|Any CPU
	EndGlobalSection
	GlobalSection(ProjectConfigurationPlatforms) = postSolution
		{C3CE84CE-50FC-42AF-8027-C100CCB5EE48}.Debug|Any CPU.ActiveCfg = Debug|Any CPU
		{C3CE84CE-50FC-42AF-8027-C100CCB5EE48}.Debug|Any CPU.Build.0 = Debug|Any CPU
		{C3CE84CE-50FC-42AF-8027-C100CCB5EE48}.Release|Any CPU.ActiveCfg = Release|Any CPU
		{C3CE84CE-50FC-42AF-8027-C100CCB5EE48}.Release|Any CPU.Build.0 = Release|Any CPU
		{2493AD39-A9D1-453A-9002-E392C53F7F6C}.Debug|Any CPU.ActiveCfg = Debug|Any CPU
		{2493AD39-A9D1-453A-9002-E392C53F7F6C}.Debug|Any CPU.Build.0 = Debug|Any CPU
		{2493AD39-A9D1-453A-9002-E392C53F7F6C}.Release|Any CPU.ActiveCfg = Release|Any CPU
		{2493AD39-A9D1-453A-9002-E392C53F7F6C}.Release|Any CPU.Build.0 = Release|Any CPU
		{30075CC8-C738-4214-AE7A-FEFB410D9D5D}.Debug|Any CPU.ActiveCfg = Debug|Any CPU
		{30075CC8-C738-4214-AE7A-FEFB410D9D5D}.Debug|Any CPU.Build.0 = Debug|Any CPU
		{30075CC8-C738-4214-AE7A-FEFB410D9D5D}.Release|Any CPU.ActiveCfg = Release|Any CPU
		{30075CC8-C738-4214-AE7A-FEFB410D9D5D}.Release|Any CPU.Build.0 = Release|Any CPU
	EndGlobalSection
	GlobalSection(SolutionProperties) = preSolution
		HideSolutionNode = FALSE
	EndGlobalSection
	GlobalSection(ExtensibilityGlobals) = postSolution
		SolutionGuid = {EA06C135-76E1-4EC4-96DB-44E5DC42B03B}
	EndGlobalSection
EndGlobal
